
Microsoft Visual Studio Solution File, Format Version 12.00
# Visual Studio 2012
Project("{FAE04EC0-301F-11D3-BF4B-00C04F79EFBC}") = "Client", "AppsAgainstHumanity\Client.csproj", "{173842A0-6FE8-434F-ADA3-C7DBBCBFE876}"
EndProject
Project("{FAE04EC0-301F-11D3-BF4B-00C04F79EFBC}") = "Server", "Server\Server.csproj", "{E6D18C29-9C2C-47CC-B888-431565BAED0F}"
EndProject
Project("{FAE04EC0-301F-11D3-BF4B-00C04F79EFBC}") = "CsNetLib2", "CsNetLib2\CsNetLib2.csproj", "{68170802-5DE7-4F66-99C7-136B3C7DD93C}"
EndProject
Global
	GlobalSection(SolutionConfigurationPlatforms) = preSolution
		Debug|Any CPU = Debug|Any CPU
		Release|Any CPU = Release|Any CPU
	EndGlobalSection
	GlobalSection(ProjectConfigurationPlatforms) = postSolution
		{173842A0-6FE8-434F-ADA3-C7DBBCBFE876}.Debug|Any CPU.ActiveCfg = Debug|Any CPU
		{173842A0-6FE8-434F-ADA3-C7DBBCBFE876}.Debug|Any CPU.Build.0 = Debug|Any CPU
		{173842A0-6FE8-434F-ADA3-C7DBBCBFE876}.Release|Any CPU.ActiveCfg = Release|Any CPU
		{173842A0-6FE8-434F-ADA3-C7DBBCBFE876}.Release|Any CPU.Build.0 = Release|Any CPU
		{E6D18C29-9C2C-47CC-B888-431565BAED0F}.Debug|Any CPU.ActiveCfg = Debug|Any CPU
		{E6D18C29-9C2C-47CC-B888-431565BAED0F}.Debug|Any CPU.Build.0 = Debug|Any CPU
		{E6D18C29-9C2C-47CC-B888-431565BAED0F}.Release|Any CPU.ActiveCfg = Release|Any CPU
		{E6D18C29-9C2C-47CC-B888-431565BAED0F}.Release|Any CPU.Build.0 = Release|Any CPU
		{68170802-5DE7-4F66-99C7-136B3C7DD93C}.Debug|Any CPU.ActiveCfg = Debug|Any CPU
		{68170802-5DE7-4F66-99C7-136B3C7DD93C}.Debug|Any CPU.Build.0 = Debug|Any CPU
		{68170802-5DE7-4F66-99C7-136B3C7DD93C}.Release|Any CPU.ActiveCfg = Release|Any CPU
		{68170802-5DE7-4F66-99C7-136B3C7DD93C}.Release|Any CPU.Build.0 = Release|Any CPU
	EndGlobalSection
	GlobalSection(SolutionProperties) = preSolution
		HideSolutionNode = FALSE
	EndGlobalSection
EndGlobal
